
Microsoft Visual Studio Solution File, Format Version 12.00
# Visual Studio 2013
VisualStudioVersion = 12.0.21005.1
MinimumVisualStudioVersion = 10.0.40219.1
Project("{2150E333-8FDC-42A3-9474-1A3956D46DE8}") = "Main", "Main", "{0DC0E7E4-0136-4B62-8C31-958E65602D62}"
EndProject
Project("{FAE04EC0-301F-11D3-BF4B-00C04F79EFBC}") = "Peach.Core", "src\Main\Peach.Core\Peach.Core.csproj", "{9043B1C5-E3D8-4043-9F6F-05AD3F29F015}"
EndProject
Project("{2150E333-8FDC-42A3-9474-1A3956D46DE8}") = "Web", "Web", "{60F5EFEE-0520-42AA-AAE5-0ECB9489B42E}"
EndProject
Project("{FAE04EC0-301F-11D3-BF4B-00C04F79EFBC}") = "Peach.Web", "src\Web\Peach.Web\Peach.Web.csproj", "{3CECFDE7-143E-4BDF-909D-E02D3604A992}"
EndProject
Project("{FAE04EC0-301F-11D3-BF4B-00C04F79EFBC}") = "Peach.WebApi", "src\Web\Peach.WebApi\Peach.WebApi.csproj", "{E2285DE0-1D97-4C47-A443-C885812D44DD}"
EndProject
Project("{FAE04EC0-301F-11D3-BF4B-00C04F79EFBC}") = "Peach.Data", "src\Main\Peach.Data\Peach.Data.csproj", "{F53A6266-F22D-4D36-8E78-21024E1C4F52}"
EndProject
Project("{FAE04EC0-301F-11D3-BF4B-00C04F79EFBC}") = "Peach.Data.Sql", "src\Main\Peach.Data.Sql\Peach.Data.Sql.csproj", "{88F0DACF-1B9F-4A75-89F0-BDA922239918}"
EndProject
Project("{2150E333-8FDC-42A3-9474-1A3956D46DE8}") = "Tools", "Tools", "{1FB67DD1-90CC-41C4-8DA5-BB5D753B033F}"
EndProject
Project("{FAE04EC0-301F-11D3-BF4B-00C04F79EFBC}") = "Peach.Seeder", "src\Tools\Peach.Seeder\Peach.Seeder.csproj", "{43924718-1395-445C-BFB4-9BE1C7BC9BF7}"
EndProject
Global
	GlobalSection(SolutionConfigurationPlatforms) = preSolution
		Debug|Any CPU = Debug|Any CPU
		Release|Any CPU = Release|Any CPU
	EndGlobalSection
	GlobalSection(ProjectConfigurationPlatforms) = postSolution
		{9043B1C5-E3D8-4043-9F6F-05AD3F29F015}.Debug|Any CPU.ActiveCfg = Debug|Any CPU
		{9043B1C5-E3D8-4043-9F6F-05AD3F29F015}.Debug|Any CPU.Build.0 = Debug|Any CPU
		{9043B1C5-E3D8-4043-9F6F-05AD3F29F015}.Release|Any CPU.ActiveCfg = Release|Any CPU
		{9043B1C5-E3D8-4043-9F6F-05AD3F29F015}.Release|Any CPU.Build.0 = Release|Any CPU
		{3CECFDE7-143E-4BDF-909D-E02D3604A992}.Debug|Any CPU.ActiveCfg = Debug|Any CPU
		{3CECFDE7-143E-4BDF-909D-E02D3604A992}.Debug|Any CPU.Build.0 = Debug|Any CPU
		{3CECFDE7-143E-4BDF-909D-E02D3604A992}.Release|Any CPU.ActiveCfg = Release|Any CPU
		{3CECFDE7-143E-4BDF-909D-E02D3604A992}.Release|Any CPU.Build.0 = Release|Any CPU
		{E2285DE0-1D97-4C47-A443-C885812D44DD}.Debug|Any CPU.ActiveCfg = Debug|Any CPU
		{E2285DE0-1D97-4C47-A443-C885812D44DD}.Debug|Any CPU.Build.0 = Debug|Any CPU
		{E2285DE0-1D97-4C47-A443-C885812D44DD}.Release|Any CPU.ActiveCfg = Release|Any CPU
		{E2285DE0-1D97-4C47-A443-C885812D44DD}.Release|Any CPU.Build.0 = Release|Any CPU
		{F53A6266-F22D-4D36-8E78-21024E1C4F52}.Debug|Any CPU.ActiveCfg = Debug|Any CPU
		{F53A6266-F22D-4D36-8E78-21024E1C4F52}.Debug|Any CPU.Build.0 = Debug|Any CPU
		{F53A6266-F22D-4D36-8E78-21024E1C4F52}.Release|Any CPU.ActiveCfg = Release|Any CPU
		{F53A6266-F22D-4D36-8E78-21024E1C4F52}.Release|Any CPU.Build.0 = Release|Any CPU
		{88F0DACF-1B9F-4A75-89F0-BDA922239918}.Debug|Any CPU.ActiveCfg = Debug|Any CPU
		{88F0DACF-1B9F-4A75-89F0-BDA922239918}.Debug|Any CPU.Build.0 = Debug|Any CPU
		{88F0DACF-1B9F-4A75-89F0-BDA922239918}.Release|Any CPU.ActiveCfg = Release|Any CPU
		{88F0DACF-1B9F-4A75-89F0-BDA922239918}.Release|Any CPU.Build.0 = Release|Any CPU
		{43924718-1395-445C-BFB4-9BE1C7BC9BF7}.Debug|Any CPU.ActiveCfg = Debug|Any CPU
		{43924718-1395-445C-BFB4-9BE1C7BC9BF7}.Debug|Any CPU.Build.0 = Debug|Any CPU
		{43924718-1395-445C-BFB4-9BE1C7BC9BF7}.Release|Any CPU.ActiveCfg = Release|Any CPU
		{43924718-1395-445C-BFB4-9BE1C7BC9BF7}.Release|Any CPU.Build.0 = Release|Any CPU
	EndGlobalSection
	GlobalSection(SolutionProperties) = preSolution
		HideSolutionNode = FALSE
	EndGlobalSection
	GlobalSection(NestedProjects) = preSolution
		{9043B1C5-E3D8-4043-9F6F-05AD3F29F015} = {0DC0E7E4-0136-4B62-8C31-958E65602D62}
		{F53A6266-F22D-4D36-8E78-21024E1C4F52} = {0DC0E7E4-0136-4B62-8C31-958E65602D62}
		{88F0DACF-1B9F-4A75-89F0-BDA922239918} = {0DC0E7E4-0136-4B62-8C31-958E65602D62}
		{3CECFDE7-143E-4BDF-909D-E02D3604A992} = {60F5EFEE-0520-42AA-AAE5-0ECB9489B42E}
		{E2285DE0-1D97-4C47-A443-C885812D44DD} = {60F5EFEE-0520-42AA-AAE5-0ECB9489B42E}
		{43924718-1395-445C-BFB4-9BE1C7BC9BF7} = {1FB67DD1-90CC-41C4-8DA5-BB5D753B033F}
	EndGlobalSection
EndGlobal
